
Microsoft Visual Studio Solution File, Format Version 12.00
# Visual Studio Version 16
VisualStudioVersion = 16.0.28711.60
MinimumVisualStudioVersion = 10.0.40219.1
Project("{FAE04EC0-301F-11D3-BF4B-00C04F79EFBC}") = "encapuslamento e modificadores", "encapuslamento e modificadores.csproj", "{216A7012-6596-4A86-A3E9-DA1244B35AFA}"
EndProject
Global
	GlobalSection(SolutionConfigurationPlatforms) = preSolution
		Debug|Any CPU = Debug|Any CPU
		Release|Any CPU = Release|Any CPU
	EndGlobalSection
	GlobalSection(ProjectConfigurationPlatforms) = postSolution
		{216A7012-6596-4A86-A3E9-DA1244B35AFA}.Debug|Any CPU.ActiveCfg = Debug|Any CPU
		{216A7012-6596-4A86-A3E9-DA1244B35AFA}.Debug|Any CPU.Build.0 = Debug|Any CPU
		{216A7012-6596-4A86-A3E9-DA1244B35AFA}.Release|Any CPU.ActiveCfg = Release|Any CPU
		{216A7012-6596-4A86-A3E9-DA1244B35AFA}.Release|Any CPU.Build.0 = Release|Any CPU
	EndGlobalSection
	GlobalSection(SolutionProperties) = preSolution
		HideSolutionNode = FALSE
	EndGlobalSection
	GlobalSection(ExtensibilityGlobals) = postSolution
		SolutionGuid = {7644C9A4-13C0-4F5C-869F-B61E879497F3}
	EndGlobalSection
EndGlobal
